{
  "requires": true,
  "lockfileVersion": 1,
  "dependencies": {
    "vue-google-login": {
      "version": "2.0.5",
      "resolved": "https://registry.npmjs.org/vue-google-login/-/vue-google-login-2.0.5.tgz",
      "integrity": "sha512-C+N8l+otSOiTDQic35bV8Qt/mq9KWGDX35utbZjcD37hGwMXGabW7GetB3cF56r2LfsSiGAnWwPGK2T2V1gZdA=="
    }
  }
}
